Microsoft Visual Studio Solution File, Format Version 11.00
# Visual Studio 2008

Project("{3FBA7D93-AC9A-865E-B125-5A6AE428D96A}") = "WebEditorWindowTest", "Assembly-CSharp-Editor.csproj", "{188C122B-AECD-7D82-57FA-7D9E90A6BAC2}"
EndProject
Global
	GlobalSection(SolutionConfigurationPlatforms) = preSolution
		Debug|Any CPU = Debug|Any CPU
		Release|Any CPU = Release|Any CPU
	EndGlobalSection
	GlobalSection(ProjectConfigurationPlatforms) = postSolution
		{188C122B-AECD-7D82-57FA-7D9E90A6BAC2}.Debug|Any CPU.ActiveCfg = Debug|Any CPU
		{188C122B-AECD-7D82-57FA-7D9E90A6BAC2}.Debug|Any CPU.Build.0 = Debug|Any CPU
		{188C122B-AECD-7D82-57FA-7D9E90A6BAC2}.Release|Any CPU.ActiveCfg = Release|Any CPU
		{188C122B-AECD-7D82-57FA-7D9E90A6BAC2}.Release|Any CPU.Build.0 = Release|Any CPU
	EndGlobalSection
	GlobalSection(SolutionProperties) = preSolution
		HideSolutionNode = FALSE
	EndGlobalSection
	GlobalSection(MonoDevelopProperties) = preSolution
		StartupItem = Assembly-CSharp.csproj
	EndGlobalSection
EndGlobal
